// !$*UTF8*$!
{
	archiveVersion = 1;
	classes = {
	};
	objectVersion = 56;
	objects = {

/* Begin PBXBuildFile section */
		320F9A2D2A08E8B300A05722 /* 18-Protocols in Sources */ = {isa = PBXBuildFile; fileRef = 320F9A2C2A08E8B300A05722 /* 18-Protocols */; };
		320F9A2F2A0A183500A05722 /* 19-Protocols in Sources */ = {isa = PBXBuildFile; fileRef = 320F9A2E2A0A183500A05722 /* 19-Protocols */; };
		321D3C3029F92E0100617BCF /* 01-Strings in Sources */ = {isa = PBXBuildFile; fileRef = 321D3C2F29F92E0100617BCF /* 01-Strings */; };
		3223F6A329F10B7A001A2732 /* 12-Structs in Sources */ = {isa = PBXBuildFile; fileRef = 3223F6A229F10B7A001A2732 /* 12-Structs */; };
		3223F6A529F11D18001A2732 /* 13-Classes in Sources */ = {isa = PBXBuildFile; fileRef = 3223F6A429F11D18001A2732 /* 13-Classes */; };
		3223F6A729F158F3001A2732 /* main.swift in Sources */ = {isa = PBXBuildFile; fileRef = 3223F6A629F158F3001A2732 /* main.swift */; };
		322554CA29FB9EC50062DD02 /* 08-Enums in Sources */ = {isa = PBXBuildFile; fileRef = 322554C929FB9EC50062DD02 /* 08-Enums */; };
		324FD2852A13688100440AD7 /* 21-Errors in Sources */ = {isa = PBXBuildFile; fileRef = 324FD2842A13688100440AD7 /* 21-Errors */; };
		324FD2872A13796C00440AD7 /* 22-Generics in Sources */ = {isa = PBXBuildFile; fileRef = 324FD2862A13796C00440AD7 /* 22-Generics */; };
		3259DCE829E432BF005B9391 /* 09-Functions in Sources */ = {isa = PBXBuildFile; fileRef = 3259DCE729E432BF005B9391 /* 09-Functions */; };
		326039422A2871D400F29906 /* 24-Hackaton in Sources */ = {isa = PBXBuildFile; fileRef = 326039412A2871D400F29906 /* 24-Hackaton */; };
		32606C8829F6A06E00CEBA3B /* 02-Optionals in Sources */ = {isa = PBXBuildFile; fileRef = 32606C8729F6A06E00CEBA3B /* 02-Optionals */; };
		3278290D29F26DBB003D1678 /* 14-Classes in Sources */ = {isa = PBXBuildFile; fileRef = 3278290C29F26DBB003D1678 /* 14-Classes */; };
		3278290F29F27656003D1678 /* 15-Inheritance in Sources */ = {isa = PBXBuildFile; fileRef = 3278290E29F27656003D1678 /* 15-Inheritance */; };
		32895C062A00E5B900D784F1 /* 07-Tuples in Sources */ = {isa = PBXBuildFile; fileRef = 32895C052A00E5B900D784F1 /* 07-Tuples */; };
		32895C082A00EBF700D784F1 /* 03-Arrays in Sources */ = {isa = PBXBuildFile; fileRef = 32895C072A00EBF700D784F1 /* 03-Arrays */; };
		32895C0A2A014DF200D784F1 /* 04-Methods in Sources */ = {isa = PBXBuildFile; fileRef = 32895C092A014DF200D784F1 /* 04-Methods */; };
		32C3A64C29E697640036B410 /* 11-Clousures in Sources */ = {isa = PBXBuildFile; fileRef = 32C3A64B29E697640036B410 /* 11-Clousures */; };
		32D80A882A1DFB3E007560F3 /* 23-Webinar in Sources */ = {isa = PBXBuildFile; fileRef = 32D80A872A1DFB3E007560F3 /* 23-Webinar */; };
		32E57EDD29F3B3F3000A1718 /* 16-Polymorphism in Sources */ = {isa = PBXBuildFile; fileRef = 32E57EDC29F3B3F3000A1718 /* 16-Polymorphism */; };
		32E57EDF29F3CBED000A1718 /* 17-Encapsulation in Sources */ = {isa = PBXBuildFile; fileRef = 32E57EDE29F3CBED000A1718 /* 17-Encapsulation */; };
		32EF30C32A04DF33003D4BC9 /* 05-Dictionaries in Sources */ = {isa = PBXBuildFile; fileRef = 32EF30C22A04DF33003D4BC9 /* 05-Dictionaries */; };
		32EF30C52A04E4AC003D4BC9 /* 06-Sets in Sources */ = {isa = PBXBuildFile; fileRef = 32EF30C42A04E4AC003D4BC9 /* 06-Sets */; };
		32F807CC29E54F78002B8C5A /* 10-Functions in Sources */ = {isa = PBXBuildFile; fileRef = 32F807CB29E54F78002B8C5A /* 10-Functions */; };
		32F92AE22A0CC3310094223A /* 20-Protocols in Sources */ = {isa = PBXBuildFile; fileRef = 32F92AE12A0CC3310094223A /* 20-Protocols */; };
/* End PBXBuildFile section */

/* Begin PBXCopyFilesBuildPhase section */
		32EC8F8829E3D6D900AFE405 /* CopyFiles */ = {
			isa = PBXCopyFilesBuildPhase;
			buildActionMask = 2147483647;
			dstPath = /usr/share/man/man1/;
			dstSubfolderSpec = 0;
			files = (
			);
			runOnlyForDeploymentPostprocessing = 1;
		};
/* End PBXCopyFilesBuildPhase section */

/* Begin PBXFileReference section */
		320F9A2C2A08E8B300A05722 /* 18-Protocols */ = {isa = PBXFileReference; lastKnownFileType = text; path = "18-Protocols"; sourceTree = "<group>"; xcLanguageSpecificationIdentifier = xcode.lang.swift; };
		320F9A2E2A0A183500A05722 /* 19-Protocols */ = {isa = PBXFileReference; lastKnownFileType = text; path = "19-Protocols"; sourceTree = "<group>"; xcLanguageSpecificationIdentifier = xcode.lang.swift; };
		321D3C2F29F92E0100617BCF /* 01-Strings */ = {isa = PBXFileReference; lastKnownFileType = text; path = "01-Strings"; sourceTree = "<group>"; xcLanguageSpecificationIdentifier = xcode.lang.swift; };
		3223F6A229F10B7A001A2732 /* 12-Structs */ = {isa = PBXFileReference; lastKnownFileType = text; path = "12-Structs"; sourceTree = "<group>"; xcLanguageSpecificationIdentifier = xcode.lang.swift; };
		3223F6A429F11D18001A2732 /* 13-Classes */ = {isa = PBXFileReference; lastKnownFileType = text; path = "13-Classes"; sourceTree = "<group>"; xcLanguageSpecificationIdentifier = xcode.lang.swift; };
		3223F6A629F158F3001A2732 /* main.swift */ = {isa = PBXFileReference; lastKnownFileType = sourcecode.swift; path = main.swift; sourceTree = "<group>"; };
		322554C929FB9EC50062DD02 /* 08-Enums */ = {isa = PBXFileReference; lastKnownFileType = text; path = "08-Enums"; sourceTree = "<group>"; xcLanguageSpecificationIdentifier = xcode.lang.swift; };
		324FD2842A13688100440AD7 /* 21-Errors */ = {isa = PBXFileReference; lastKnownFileType = text; path = "21-Errors"; sourceTree = "<group>"; xcLanguageSpecificationIdentifier = xcode.lang.swift; };
		324FD2862A13796C00440AD7 /* 22-Generics */ = {isa = PBXFileReference; lastKnownFileType = text; path = "22-Generics"; sourceTree = "<group>"; xcLanguageSpecificationIdentifier = xcode.lang.swift; };
		3259DCE729E432BF005B9391 /* 09-Functions */ = {isa = PBXFileReference; lastKnownFileType = text; path = "09-Functions"; sourceTree = "<group>"; xcLanguageSpecificationIdentifier = xcode.lang.swift; };
		326039412A2871D400F29906 /* 24-Hackaton */ = {isa = PBXFileReference; lastKnownFileType = text; path = "24-Hackaton"; sourceTree = "<group>"; xcLanguageSpecificationIdentifier = xcode.lang.swift; };
		32606C8729F6A06E00CEBA3B /* 02-Optionals */ = {isa = PBXFileReference; lastKnownFileType = text; path = "02-Optionals"; sourceTree = "<group>"; xcLanguageSpecificationIdentifier = xcode.lang.swift; };
		3278290C29F26DBB003D1678 /* 14-Classes */ = {isa = PBXFileReference; lastKnownFileType = text; path = "14-Classes"; sourceTree = "<group>"; xcLanguageSpecificationIdentifier = xcode.lang.swift; };
		3278290E29F27656003D1678 /* 15-Inheritance */ = {isa = PBXFileReference; lastKnownFileType = text; path = "15-Inheritance"; sourceTree = "<group>"; xcLanguageSpecificationIdentifier = xcode.lang.swift; };
		32895C052A00E5B900D784F1 /* 07-Tuples */ = {isa = PBXFileReference; lastKnownFileType = text; path = "07-Tuples"; sourceTree = "<group>"; xcLanguageSpecificationIdentifier = xcode.lang.swift; };
		32895C072A00EBF700D784F1 /* 03-Arrays */ = {isa = PBXFileReference; lastKnownFileType = text; path = "03-Arrays"; sourceTree = "<group>"; xcLanguageSpecificationIdentifier = xcode.lang.swift; };
		32895C092A014DF200D784F1 /* 04-Methods */ = {isa = PBXFileReference; lastKnownFileType = text; path = "04-Methods"; sourceTree = "<group>"; xcLanguageSpecificationIdentifier = xcode.lang.swift; };
		32C3A64B29E697640036B410 /* 11-Clousures */ = {isa = PBXFileReference; lastKnownFileType = text; path = "11-Clousures"; sourceTree = "<group>"; xcLanguageSpecificationIdentifier = xcode.lang.swift; };
		32D80A872A1DFB3E007560F3 /* 23-Webinar */ = {isa = PBXFileReference; lastKnownFileType = text; path = "23-Webinar"; sourceTree = "<group>"; xcLanguageSpecificationIdentifier = xcode.lang.swift; };
		32E57EDC29F3B3F3000A1718 /* 16-Polymorphism */ = {isa = PBXFileReference; lastKnownFileType = text; path = "16-Polymorphism"; sourceTree = "<group>"; xcLanguageSpecificationIdentifier = xcode.lang.swift; };
		32E57EDE29F3CBED000A1718 /* 17-Encapsulation */ = {isa = PBXFileReference; lastKnownFileType = text; path = "17-Encapsulation"; sourceTree = "<group>"; xcLanguageSpecificationIdentifier = xcode.lang.swift; };
		32EC8F8A29E3D6D900AFE405 /* SwiftExamples */ = {isa = PBXFileReference; explicitFileType = "compiled.mach-o.executable"; includeInIndex = 0; path = SwiftExamples; sourceTree = BUILT_PRODUCTS_DIR; };
		32EF30C22A04DF33003D4BC9 /* 05-Dictionaries */ = {isa = PBXFileReference; lastKnownFileType = text; path = "05-Dictionaries"; sourceTree = "<group>"; xcLanguageSpecificationIdentifier = xcode.lang.swift; };
		32EF30C42A04E4AC003D4BC9 /* 06-Sets */ = {isa = PBXFileReference; lastKnownFileType = text; path = "06-Sets"; sourceTree = "<group>"; xcLanguageSpecificationIdentifier = xcode.lang.swift; };
		32F807CB29E54F78002B8C5A /* 10-Functions */ = {isa = PBXFileReference; lastKnownFileType = text; path = "10-Functions"; sourceTree = "<group>"; xcLanguageSpecificationIdentifier = xcode.lang.swift; };
		32F92AE12A0CC3310094223A /* 20-Protocols */ = {isa = PBXFileReference; lastKnownFileType = text; path = "20-Protocols"; sourceTree = "<group>"; xcLanguageSpecificationIdentifier = xcode.lang.swift; };
/* End PBXFileReference section */

/* Begin PBXFrameworksBuildPhase section */
		32EC8F8729E3D6D900AFE405 /* Frameworks */ = {
			isa = PBXFrameworksBuildPhase;
			buildActionMask = 2147483647;
			files = (
			);
			runOnlyForDeploymentPostprocessing = 0;
		};
/* End PBXFrameworksBuildPhase section */

/* Begin PBXGroup section */
		3259DCE629E4321E005B9391 /* Code Examples */ = {
			isa = PBXGroup;
			children = (
				321D3C2F29F92E0100617BCF /* 01-Strings */,
				32606C8729F6A06E00CEBA3B /* 02-Optionals */,
				32895C072A00EBF700D784F1 /* 03-Arrays */,
				32895C092A014DF200D784F1 /* 04-Methods */,
				32EF30C22A04DF33003D4BC9 /* 05-Dictionaries */,
				32EF30C42A04E4AC003D4BC9 /* 06-Sets */,
				32895C052A00E5B900D784F1 /* 07-Tuples */,
				322554C929FB9EC50062DD02 /* 08-Enums */,
				3259DCE729E432BF005B9391 /* 09-Functions */,
				32F807CB29E54F78002B8C5A /* 10-Functions */,
				32C3A64B29E697640036B410 /* 11-Clousures */,
				3223F6A229F10B7A001A2732 /* 12-Structs */,
				3223F6A429F11D18001A2732 /* 13-Classes */,
				3278290C29F26DBB003D1678 /* 14-Classes */,
				3278290E29F27656003D1678 /* 15-Inheritance */,
				32E57EDC29F3B3F3000A1718 /* 16-Polymorphism */,
				32E57EDE29F3CBED000A1718 /* 17-Encapsulation */,
				320F9A2C2A08E8B300A05722 /* 18-Protocols */,
				320F9A2E2A0A183500A05722 /* 19-Protocols */,
				32F92AE12A0CC3310094223A /* 20-Protocols */,
				324FD2842A13688100440AD7 /* 21-Errors */,
				324FD2862A13796C00440AD7 /* 22-Generics */,
				32D80A872A1DFB3E007560F3 /* 23-Webinar */,
				326039412A2871D400F29906 /* 24-Hackaton */,
			);
			path = "Code Examples";
			sourceTree = "<group>";
		};
		32EC8F8129E3D6D900AFE405 = {
			isa = PBXGroup;
			children = (
				3223F6A629F158F3001A2732 /* main.swift */,
				3259DCE629E4321E005B9391 /* Code Examples */,
				32EC8F8B29E3D6D900AFE405 /* Products */,
			);
			sourceTree = "<group>";
		};
		32EC8F8B29E3D6D900AFE405 /* Products */ = {
			isa = PBXGroup;
			children = (
				32EC8F8A29E3D6D900AFE405 /* SwiftExamples */,
			);
			name = Products;
			sourceTree = "<group>";
		};
/* End PBXGroup section */

/* Begin PBXNativeTarget section */
		32EC8F8929E3D6D900AFE405 /* SwiftExamples */ = {
			isa = PBXNativeTarget;
			buildConfigurationList = 32EC8F9129E3D6D900AFE405 /* Build configuration list for PBXNativeTarget "SwiftExamples" */;
			buildPhases = (
				32EC8F8629E3D6D900AFE405 /* Sources */,
				32EC8F8729E3D6D900AFE405 /* Frameworks */,
				32EC8F8829E3D6D900AFE405 /* CopyFiles */,
			);
			buildRules = (
			);
			dependencies = (
			);
			name = SwiftExamples;
			productName = SwiftExamples;
			productReference = 32EC8F8A29E3D6D900AFE405 /* SwiftExamples */;
			productType = "com.apple.product-type.tool";
		};
/* End PBXNativeTarget section */

/* Begin PBXProject section */
		32EC8F8229E3D6D900AFE405 /* Project object */ = {
			isa = PBXProject;
			attributes = {
				BuildIndependentTargetsInParallel = 1;
				LastSwiftUpdateCheck = 1430;
				LastUpgradeCheck = 1430;
				TargetAttributes = {
					32EC8F8929E3D6D900AFE405 = {
						CreatedOnToolsVersion = 14.3;
					};
				};
			};
			buildConfigurationList = 32EC8F8529E3D6D900AFE405 /* Build configuration list for PBXProject "SwiftExamples" */;
			compatibilityVersion = "Xcode 14.0";
			developmentRegion = en;
			hasScannedForEncodings = 0;
			knownRegions = (
				en,
				Base,
			);
			mainGroup = 32EC8F8129E3D6D900AFE405;
			productRefGroup = 32EC8F8B29E3D6D900AFE405 /* Products */;
			projectDirPath = "";
			projectRoot = "";
			targets = (
				32EC8F8929E3D6D900AFE405 /* SwiftExamples */,
			);
		};
/* End PBXProject section */

/* Begin PBXSourcesBuildPhase section */
		32EC8F8629E3D6D900AFE405 /* Sources */ = {
			isa = PBXSourcesBuildPhase;
			buildActionMask = 2147483647;
			files = (
				32F807CC29E54F78002B8C5A /* 10-Functions in Sources */,
				320F9A2F2A0A183500A05722 /* 19-Protocols in Sources */,
				324FD2872A13796C00440AD7 /* 22-Generics in Sources */,
				324FD2852A13688100440AD7 /* 21-Errors in Sources */,
				3278290D29F26DBB003D1678 /* 14-Classes in Sources */,
				3259DCE829E432BF005B9391 /* 09-Functions in Sources */,
				3223F6A729F158F3001A2732 /* main.swift in Sources */,
				32606C8829F6A06E00CEBA3B /* 02-Optionals in Sources */,
				320F9A2D2A08E8B300A05722 /* 18-Protocols in Sources */,
				326039422A2871D400F29906 /* 24-Hackaton in Sources */,
				3223F6A529F11D18001A2732 /* 13-Classes in Sources */,
				32E57EDF29F3CBED000A1718 /* 17-Encapsulation in Sources */,
				3223F6A329F10B7A001A2732 /* 12-Structs in Sources */,
				321D3C3029F92E0100617BCF /* 01-Strings in Sources */,
				32EF30C32A04DF33003D4BC9 /* 05-Dictionaries in Sources */,
				3278290F29F27656003D1678 /* 15-Inheritance in Sources */,
				32F92AE22A0CC3310094223A /* 20-Protocols in Sources */,
				32E57EDD29F3B3F3000A1718 /* 16-Polymorphism in Sources */,
				322554CA29FB9EC50062DD02 /* 08-Enums in Sources */,
				32C3A64C29E697640036B410 /* 11-Clousures in Sources */,
				32EF30C52A04E4AC003D4BC9 /* 06-Sets in Sources */,
				32895C082A00EBF700D784F1 /* 03-Arrays in Sources */,
				32D80A882A1DFB3E007560F3 /* 23-Webinar in Sources */,
				32895C062A00E5B900D784F1 /* 07-Tuples in Sources */,
				32895C0A2A014DF200D784F1 /* 04-Methods in Sources */,
			);
			runOnlyForDeploymentPostprocessing = 0;
		};
/* End PBXSourcesBuildPhase section */

/* Begin XCBuildConfiguration section */
		32EC8F8F29E3D6D900AFE405 /* Debug */ = {
			isa = XCBuildConfiguration;
			buildSettings = {
				ALWAYS_SEARCH_USER_PATHS = NO;
				CLANG_ANALYZER_NONNULL = YES;
				CLANG_ANALYZER_NUMBER_OBJECT_CONVERSION = YES_AGGRESSIVE;
				CLANG_CXX_LANGUAGE_STANDARD = "gnu++20";
				CLANG_ENABLE_MODULES = YES;
				CLANG_ENABLE_OBJC_ARC = YES;
				CLANG_ENABLE_OBJC_WEAK = YES;
				CLANG_WARN_BLOCK_CAPTURE_AUTORELEASING = YES;
				CLANG_WARN_BOOL_CONVERSION = YES;
				CLANG_WARN_COMMA = YES;
				CLANG_WARN_CONSTANT_CONVERSION = YES;
				CLANG_WARN_DEPRECATED_OBJC_IMPLEMENTATIONS = YES;
				CLANG_WARN_DIRECT_OBJC_ISA_USAGE = YES_ERROR;
				CLANG_WARN_DOCUMENTATION_COMMENTS = YES;
				CLANG_WARN_EMPTY_BODY = YES;
				CLANG_WARN_ENUM_CONVERSION = YES;
				CLANG_WARN_INFINITE_RECURSION = YES;
				CLANG_WARN_INT_CONVERSION = YES;
				CLANG_WARN_NON_LITERAL_NULL_CONVERSION = YES;
				CLANG_WARN_OBJC_IMPLICIT_RETAIN_SELF = YES;
				CLANG_WARN_OBJC_LITERAL_CONVERSION = YES;
				CLANG_WARN_OBJC_ROOT_CLASS = YES_ERROR;
				CLANG_WARN_QUOTED_INCLUDE_IN_FRAMEWORK_HEADER = YES;
				CLANG_WARN_RANGE_LOOP_ANALYSIS = YES;
				CLANG_WARN_STRICT_PROTOTYPES = YES;
				CLANG_WARN_SUSPICIOUS_MOVE = YES;
				CLANG_WARN_UNGUARDED_AVAILABILITY = YES_AGGRESSIVE;
				CLANG_WARN_UNREACHABLE_CODE = YES;
				CLANG_WARN__DUPLICATE_METHOD_MATCH = YES;
				COPY_PHASE_STRIP = NO;
				DEBUG_INFORMATION_FORMAT = dwarf;
				ENABLE_STRICT_OBJC_MSGSEND = YES;
				ENABLE_TESTABILITY = YES;
				GCC_C_LANGUAGE_STANDARD = gnu11;
				GCC_DYNAMIC_NO_PIC = NO;
				GCC_NO_COMMON_BLOCKS = YES;
				GCC_OPTIMIZATION_LEVEL = 0;
				GCC_PREPROCESSOR_DEFINITIONS = (
					"DEBUG=1",
					"$(inherited)",
				);
				GCC_WARN_64_TO_32_BIT_CONVERSION = YES;
				GCC_WARN_ABOUT_RETURN_TYPE = YES_ERROR;
				GCC_WARN_UNDECLARED_SELECTOR = YES;
				GCC_WARN_UNINITIALIZED_AUTOS = YES_AGGRESSIVE;
				GCC_WARN_UNUSED_FUNCTION = YES;
				GCC_WARN_UNUSED_VARIABLE = YES;
				MACOSX_DEPLOYMENT_TARGET = 13.3;
				MTL_ENABLE_DEBUG_INFO = INCLUDE_SOURCE;
				MTL_FAST_MATH = YES;
				ONLY_ACTIVE_ARCH = YES;
				SDKROOT = macosx;
				SWIFT_ACTIVE_COMPILATION_CONDITIONS = DEBUG;
				SWIFT_OPTIMIZATION_LEVEL = "-Onone";
			};
			name = Debug;
		};
		32EC8F9029E3D6D900AFE405 /* Release */ = {
			isa = XCBuildConfiguration;
			buildSettings = {
				ALWAYS_SEARCH_USER_PATHS = NO;
				CLANG_ANALYZER_NONNULL = YES;
				CLANG_ANALYZER_NUMBER_OBJECT_CONVERSION = YES_AGGRESSIVE;
				CLANG_CXX_LANGUAGE_STANDARD = "gnu++20";
				CLANG_ENABLE_MODULES = YES;
				CLANG_ENABLE_OBJC_ARC = YES;
				CLANG_ENABLE_OBJC_WEAK = YES;
				CLANG_WARN_BLOCK_CAPTURE_AUTORELEASING = YES;
				CLANG_WARN_BOOL_CONVERSION = YES;
				CLANG_WARN_COMMA = YES;
				CLANG_WARN_CONSTANT_CONVERSION = YES;
				CLANG_WARN_DEPRECATED_OBJC_IMPLEMENTATIONS = YES;
				CLANG_WARN_DIRECT_OBJC_ISA_USAGE = YES_ERROR;
				CLANG_WARN_DOCUMENTATION_COMMENTS = YES;
				CLANG_WARN_EMPTY_BODY = YES;
				CLANG_WARN_ENUM_CONVERSION = YES;
				CLANG_WARN_INFINITE_RECURSION = YES;
				CLANG_WARN_INT_CONVERSION = YES;
				CLANG_WARN_NON_LITERAL_NULL_CONVERSION = YES;
				CLANG_WARN_OBJC_IMPLICIT_RETAIN_SELF = YES;
				CLANG_WARN_OBJC_LITERAL_CONVERSION = YES;
				CLANG_WARN_OBJC_ROOT_CLASS = YES_ERROR;
				CLANG_WARN_QUOTED_INCLUDE_IN_FRAMEWORK_HEADER = YES;
				CLANG_WARN_RANGE_LOOP_ANALYSIS = YES;
				CLANG_WARN_STRICT_PROTOTYPES = YES;
				CLANG_WARN_SUSPICIOUS_MOVE = YES;
				CLANG_WARN_UNGUARDED_AVAILABILITY = YES_AGGRESSIVE;
				CLANG_WARN_UNREACHABLE_CODE = YES;
				CLANG_WARN__DUPLICATE_METHOD_MATCH = YES;
				COPY_PHASE_STRIP = NO;
				DEBUG_INFORMATION_FORMAT = "dwarf-with-dsym";
				ENABLE_NS_ASSERTIONS = NO;
				ENABLE_STRICT_OBJC_MSGSEND = YES;
				GCC_C_LANGUAGE_STANDARD = gnu11;
				GCC_NO_COMMON_BLOCKS = YES;
				GCC_WARN_64_TO_32_BIT_CONVERSION = YES;
				GCC_WARN_ABOUT_RETURN_TYPE = YES_ERROR;
				GCC_WARN_UNDECLARED_SELECTOR = YES;
				GCC_WARN_UNINITIALIZED_AUTOS = YES_AGGRESSIVE;
				GCC_WARN_UNUSED_FUNCTION = YES;
				GCC_WARN_UNUSED_VARIABLE = YES;
				MACOSX_DEPLOYMENT_TARGET = 13.3;
				MTL_ENABLE_DEBUG_INFO = NO;
				MTL_FAST_MATH = YES;
				SDKROOT = macosx;
				SWIFT_COMPILATION_MODE = wholemodule;
				SWIFT_OPTIMIZATION_LEVEL = "-O";
			};
			name = Release;
		};
		32EC8F9229E3D6D900AFE405 /* Debug */ = {
			isa = XCBuildConfiguration;
			buildSettings = {
				CODE_SIGN_STYLE = Automatic;
				DEVELOPMENT_TEAM = P8YMD5UR9U;
				ENABLE_HARDENED_RUNTIME = YES;
				PRODUCT_NAME = "$(TARGET_NAME)";
				SWIFT_VERSION = 5.0;
			};
			name = Debug;
		};
		32EC8F9329E3D6D900AFE405 /* Release */ = {
			isa = XCBuildConfiguration;
			buildSettings = {
				CODE_SIGN_STYLE = Automatic;
				DEVELOPMENT_TEAM = P8YMD5UR9U;
				ENABLE_HARDENED_RUNTIME = YES;
				PRODUCT_NAME = "$(TARGET_NAME)";
				SWIFT_VERSION = 5.0;
			};
			name = Release;
		};
/* End XCBuildConfiguration section */

/* Begin XCConfigurationList section */
		32EC8F8529E3D6D900AFE405 /* Build configuration list for PBXProject "SwiftExamples" */ = {
			isa = XCConfigurationList;
			buildConfigurations = (
				32EC8F8F29E3D6D900AFE405 /* Debug */,
				32EC8F9029E3D6D900AFE405 /* Release */,
			);
			defaultConfigurationIsVisible = 0;
			defaultConfigurationName = Release;
		};
		32EC8F9129E3D6D900AFE405 /* Build configuration list for PBXNativeTarget "SwiftExamples" */ = {
			isa = XCConfigurationList;
			buildConfigurations = (
				32EC8F9229E3D6D900AFE405 /* Debug */,
				32EC8F9329E3D6D900AFE405 /* Release */,
			);
			defaultConfigurationIsVisible = 0;
			defaultConfigurationName = Release;
		};
/* End XCConfigurationList section */
	};
	rootObject = 32EC8F8229E3D6D900AFE405 /* Project object */;
}
